
Microsoft Visual Studio Solution File, Format Version 12.00
# Visual Studio 2012
Project("{FAE04EC0-301F-11D3-BF4B-00C04F79EFBC}") = "CreateForm", "CreateForm\CreateForm.csproj", "{6C627F0D-D3AF-4CD5-B5B0-0A5DE3453A9F}"
EndProject
Project("{FAE04EC0-301F-11D3-BF4B-00C04F79EFBC}") = "CreateForm.Tests", "CreateForm.Tests\CreateForm.Tests.csproj", "{7332E33A-8541-41A7-A939-D33E1AFACE08}"
EndProject
Global
	GlobalSection(SolutionConfigurationPlatforms) = preSolution
		Debug|Any CPU = Debug|Any CPU
		Release|Any CPU = Release|Any CPU
	EndGlobalSection
	GlobalSection(ProjectConfigurationPlatforms) = postSolution
		{6C627F0D-D3AF-4CD5-B5B0-0A5DE3453A9F}.Debug|Any CPU.ActiveCfg = Debug|Any CPU
		{6C627F0D-D3AF-4CD5-B5B0-0A5DE3453A9F}.Debug|Any CPU.Build.0 = Debug|Any CPU
		{6C627F0D-D3AF-4CD5-B5B0-0A5DE3453A9F}.Release|Any CPU.ActiveCfg = Release|Any CPU
		{6C627F0D-D3AF-4CD5-B5B0-0A5DE3453A9F}.Release|Any CPU.Build.0 = Release|Any CPU
		{7332E33A-8541-41A7-A939-D33E1AFACE08}.Debug|Any CPU.ActiveCfg = Debug|Any CPU
		{7332E33A-8541-41A7-A939-D33E1AFACE08}.Debug|Any CPU.Build.0 = Debug|Any CPU
		{7332E33A-8541-41A7-A939-D33E1AFACE08}.Release|Any CPU.ActiveCfg = Release|Any CPU
		{7332E33A-8541-41A7-A939-D33E1AFACE08}.Release|Any CPU.Build.0 = Release|Any CPU
	EndGlobalSection
	GlobalSection(SolutionProperties) = preSolution
		HideSolutionNode = FALSE
	EndGlobalSection
EndGlobal
